
Microsoft Visual Studio Solution File, Format Version 12.00
# Visual Studio Version 16
VisualStudioVersion = 16.0.810.19
MinimumVisualStudioVersion = 10.0.40219.1
Project("{8BC9CEB9-8B4A-11D0-8D11-00A0C91BC942}") = "TunerSolution", "TunerSolution.exe", "{748DFFB1-4C79-4534-BF59-BA3DCE33E3E6}"
EndProject
Global
	GlobalSection(SolutionConfigurationPlatforms) = preSolution
		Default|Any CPU = Default|Any CPU
	EndGlobalSection
	GlobalSection(ProjectConfigurationPlatforms) = postSolution
		{748DFFB1-4C79-4534-BF59-BA3DCE33E3E6}.Default|Any CPU.ActiveCfg = Default|Any CPU
		{748DFFB1-4C79-4534-BF59-BA3DCE33E3E6}.Default|Any CPU.Build.0 = Default|Any CPU
	EndGlobalSection
	GlobalSection(SolutionProperties) = preSolution
		HideSolutionNode = FALSE
	EndGlobalSection
	GlobalSection(ExtensibilityGlobals) = postSolution
		SolutionGuid = {0688E7AC-7FB4-493C-B378-ADFC4619AE9E}
	EndGlobalSection
EndGlobal
